
Microsoft Visual Studio Solution File, Format Version 12.00
# Visual Studio Version 17
VisualStudioVersion = 17.8.34330.188
MinimumVisualStudioVersion = 10.0.40219.1
Project("{FAE04EC0-301F-11D3-BF4B-00C04F79EFBC}") = "WebAPISistemaGestion", "WebAPISistemaGestion\WebAPISistemaGestion.csproj", "{DDC58F2E-6551-4992-A9F2-FBE42AA8CF4D}"
EndProject
Project("{FAE04EC0-301F-11D3-BF4B-00C04F79EFBC}") = "SistemaGestionEntities", "SistemaGestionEntities\SistemaGestionEntities.csproj", "{B891BF0B-E8BC-4575-A3AC-C3DD113BE8A5}"
EndProject
Project("{FAE04EC0-301F-11D3-BF4B-00C04F79EFBC}") = "SistemaGestionData", "SistemaGestionData\SistemaGestionData.csproj", "{0BB24B0E-F5A2-4625-85C4-6E134D441D15}"
EndProject
Project("{FAE04EC0-301F-11D3-BF4B-00C04F79EFBC}") = "SistemaGestionBussiness", "SistemaGestionBussiness\SistemaGestionBussiness.csproj", "{FF844870-656A-4F86-93E3-A2DEACB22BC6}"
EndProject
Global
	GlobalSection(SolutionConfigurationPlatforms) = preSolution
		Debug|Any CPU = Debug|Any CPU
		Release|Any CPU = Release|Any CPU
	EndGlobalSection
	GlobalSection(ProjectConfigurationPlatforms) = postSolution
		{DDC58F2E-6551-4992-A9F2-FBE42AA8CF4D}.Debug|Any CPU.ActiveCfg = Debug|Any CPU
		{DDC58F2E-6551-4992-A9F2-FBE42AA8CF4D}.Debug|Any CPU.Build.0 = Debug|Any CPU
		{DDC58F2E-6551-4992-A9F2-FBE42AA8CF4D}.Release|Any CPU.ActiveCfg = Release|Any CPU
		{DDC58F2E-6551-4992-A9F2-FBE42AA8CF4D}.Release|Any CPU.Build.0 = Release|Any CPU
		{B891BF0B-E8BC-4575-A3AC-C3DD113BE8A5}.Debug|Any CPU.ActiveCfg = Debug|Any CPU
		{B891BF0B-E8BC-4575-A3AC-C3DD113BE8A5}.Debug|Any CPU.Build.0 = Debug|Any CPU
		{B891BF0B-E8BC-4575-A3AC-C3DD113BE8A5}.Release|Any CPU.ActiveCfg = Release|Any CPU
		{B891BF0B-E8BC-4575-A3AC-C3DD113BE8A5}.Release|Any CPU.Build.0 = Release|Any CPU
		{0BB24B0E-F5A2-4625-85C4-6E134D441D15}.Debug|Any CPU.ActiveCfg = Debug|Any CPU
		{0BB24B0E-F5A2-4625-85C4-6E134D441D15}.Debug|Any CPU.Build.0 = Debug|Any CPU
		{0BB24B0E-F5A2-4625-85C4-6E134D441D15}.Release|Any CPU.ActiveCfg = Release|Any CPU
		{0BB24B0E-F5A2-4625-85C4-6E134D441D15}.Release|Any CPU.Build.0 = Release|Any CPU
		{FF844870-656A-4F86-93E3-A2DEACB22BC6}.Debug|Any CPU.ActiveCfg = Debug|Any CPU
		{FF844870-656A-4F86-93E3-A2DEACB22BC6}.Debug|Any CPU.Build.0 = Debug|Any CPU
		{FF844870-656A-4F86-93E3-A2DEACB22BC6}.Release|Any CPU.ActiveCfg = Release|Any CPU
		{FF844870-656A-4F86-93E3-A2DEACB22BC6}.Release|Any CPU.Build.0 = Release|Any CPU
	EndGlobalSection
	GlobalSection(SolutionProperties) = preSolution
		HideSolutionNode = FALSE
	EndGlobalSection
	GlobalSection(ExtensibilityGlobals) = postSolution
		SolutionGuid = {C28C5FEB-CBF2-4F6F-9468-8334E0F97962}
	EndGlobalSection
EndGlobal
